
Microsoft Visual Studio Solution File, Format Version 12.00
# Visual Studio Version 17
VisualStudioVersion = 17.4.33213.308
MinimumVisualStudioVersion = 10.0.40219.1
Project("{9A19103F-16F7-4668-BE54-9A1E7A4F7556}") = "one", "one\one.csproj", "{7B00775D-632B-4531-BCE6-7F3B47C4CDE0}"
EndProject
Global
	GlobalSection(SolutionConfigurationPlatforms) = preSolution
		Debug|Any CPU = Debug|Any CPU
		Release|Any CPU = Release|Any CPU
	EndGlobalSection
	GlobalSection(ProjectConfigurationPlatforms) = postSolution
		{7B00775D-632B-4531-BCE6-7F3B47C4CDE0}.Debug|Any CPU.ActiveCfg = Debug|Any CPU
		{7B00775D-632B-4531-BCE6-7F3B47C4CDE0}.Debug|Any CPU.Build.0 = Debug|Any CPU
		{7B00775D-632B-4531-BCE6-7F3B47C4CDE0}.Release|Any CPU.ActiveCfg = Release|Any CPU
		{7B00775D-632B-4531-BCE6-7F3B47C4CDE0}.Release|Any CPU.Build.0 = Release|Any CPU
	EndGlobalSection
	GlobalSection(SolutionProperties) = preSolution
		HideSolutionNode = FALSE
	EndGlobalSection
	GlobalSection(ExtensibilityGlobals) = postSolution
		SolutionGuid = {35AC9541-B190-43CE-B843-A1830529AE11}
	EndGlobalSection
EndGlobal
